
Microsoft Visual Studio Solution File, Format Version 12.00
# Visual Studio Version 16
VisualStudioVersion = 16.0.30406.217
MinimumVisualStudioVersion = 10.0.40219.1
Project("{FAE04EC0-301F-11D3-BF4B-00C04F79EFBC}") = "TextComparison", "TextComparison\TextComparison.csproj", "{E4947A74-95AB-4B8B-97D5-61C6153CC17B}"
EndProject
Global
	GlobalSection(SolutionConfigurationPlatforms) = preSolution
		Debug|Any CPU = Debug|Any CPU
		Release|Any CPU = Release|Any CPU
	EndGlobalSection
	GlobalSection(ProjectConfigurationPlatforms) = postSolution
		{E4947A74-95AB-4B8B-97D5-61C6153CC17B}.Debug|Any CPU.ActiveCfg = Debug|Any CPU
		{E4947A74-95AB-4B8B-97D5-61C6153CC17B}.Debug|Any CPU.Build.0 = Debug|Any CPU
		{E4947A74-95AB-4B8B-97D5-61C6153CC17B}.Release|Any CPU.ActiveCfg = Release|Any CPU
		{E4947A74-95AB-4B8B-97D5-61C6153CC17B}.Release|Any CPU.Build.0 = Release|Any CPU
	EndGlobalSection
	GlobalSection(SolutionProperties) = preSolution
		HideSolutionNode = FALSE
	EndGlobalSection
	GlobalSection(ExtensibilityGlobals) = postSolution
		SolutionGuid = {F241378E-C16E-447B-A829-D7BFAC146915}
	EndGlobalSection
EndGlobal
